
Microsoft Visual Studio Solution File, Format Version 12.00
# Visual Studio Version 17
VisualStudioVersion = 17.3.32804.467
MinimumVisualStudioVersion = 10.0.40219.1
Project("{FAE04EC0-301F-11D3-BF4B-00C04F79EFBC}") = "FundooNoteApp", "FundooNoteApp.csproj", "{B76CFE3E-F6DC-4677-95AB-3D3E33A96A28}"
EndProject
Project("{FAE04EC0-301F-11D3-BF4B-00C04F79EFBC}") = "RepositoryLayer", "RepositoryLayer\RepositoryLayer.csproj", "{93B0E526-8DBB-4A55-ADAB-FC92CB30DBA3}"
EndProject
Project("{FAE04EC0-301F-11D3-BF4B-00C04F79EFBC}") = "BusinessLayer", "BusinessLayer\BusinessLayer.csproj", "{B302A183-3895-4589-AD2F-80B424F4A0E7}"
EndProject
Project("{FAE04EC0-301F-11D3-BF4B-00C04F79EFBC}") = "CommonLayer", "CommonLayer\CommonLayer.csproj", "{6C44DCBE-D3EC-436B-9926-C54788970EB6}"
EndProject
Global
	GlobalSection(SolutionConfigurationPlatforms) = preSolution
		Debug|Any CPU = Debug|Any CPU
		Release|Any CPU = Release|Any CPU
	EndGlobalSection
	GlobalSection(ProjectConfigurationPlatforms) = postSolution
		{B76CFE3E-F6DC-4677-95AB-3D3E33A96A28}.Debug|Any CPU.ActiveCfg = Debug|Any CPU
		{B76CFE3E-F6DC-4677-95AB-3D3E33A96A28}.Debug|Any CPU.Build.0 = Debug|Any CPU
		{B76CFE3E-F6DC-4677-95AB-3D3E33A96A28}.Release|Any CPU.ActiveCfg = Release|Any CPU
		{B76CFE3E-F6DC-4677-95AB-3D3E33A96A28}.Release|Any CPU.Build.0 = Release|Any CPU
		{93B0E526-8DBB-4A55-ADAB-FC92CB30DBA3}.Debug|Any CPU.ActiveCfg = Debug|Any CPU
		{93B0E526-8DBB-4A55-ADAB-FC92CB30DBA3}.Debug|Any CPU.Build.0 = Debug|Any CPU
		{93B0E526-8DBB-4A55-ADAB-FC92CB30DBA3}.Release|Any CPU.ActiveCfg = Release|Any CPU
		{93B0E526-8DBB-4A55-ADAB-FC92CB30DBA3}.Release|Any CPU.Build.0 = Release|Any CPU
		{B302A183-3895-4589-AD2F-80B424F4A0E7}.Debug|Any CPU.ActiveCfg = Debug|Any CPU
		{B302A183-3895-4589-AD2F-80B424F4A0E7}.Debug|Any CPU.Build.0 = Debug|Any CPU
		{B302A183-3895-4589-AD2F-80B424F4A0E7}.Release|Any CPU.ActiveCfg = Release|Any CPU
		{B302A183-3895-4589-AD2F-80B424F4A0E7}.Release|Any CPU.Build.0 = Release|Any CPU
		{6C44DCBE-D3EC-436B-9926-C54788970EB6}.Debug|Any CPU.ActiveCfg = Debug|Any CPU
		{6C44DCBE-D3EC-436B-9926-C54788970EB6}.Debug|Any CPU.Build.0 = Debug|Any CPU
		{6C44DCBE-D3EC-436B-9926-C54788970EB6}.Release|Any CPU.ActiveCfg = Release|Any CPU
		{6C44DCBE-D3EC-436B-9926-C54788970EB6}.Release|Any CPU.Build.0 = Release|Any CPU
	EndGlobalSection
	GlobalSection(SolutionProperties) = preSolution
		HideSolutionNode = FALSE
	EndGlobalSection
	GlobalSection(ExtensibilityGlobals) = postSolution
		SolutionGuid = {6D692CF4-6164-4475-B3D1-2DAA012577BE}
	EndGlobalSection
EndGlobal
